{
  "version": 4,
  "terraform_version": "1.4.6",
  "serial": 65,
  "lineage": "734f34f9-a91c-3cc8-7f7f-e4d9768a256d",
  "outputs": {
    "public_ip": {
      "value": [
        "168.63.74.94",
        "168.63.72.144"
      ],
      "type": [
        "tuple",
        [
          "string",
          "string"
        ]
      ]
    },
    "random_password": {
      "value": "Kvz@5:mR",
      "type": "string",
      "sensitive": true
    },
    "rgname": {
      "value": "AzureRMResource",
      "type": "string"
    },
    "virtual_machine": {
      "value": [
        "azure-vm-0",
        "azure-vm-1"
      ],
      "type": [
        "tuple",
        [
          "string",
          "string"
        ]
      ]
    }
  },
  "resources": [
    {
      "mode": "managed",
      "type": "azurerm_network_interface",
      "name": "nic",
      "provider": "provider[\"registry.terraform.io/hashicorp/azurerm\"]",
      "instances": [
        {
          "index_key": 0,
          "schema_version": 0,
          "attributes": {
            "applied_dns_servers": [],
            "dns_servers": [],
            "edge_zone": "",
            "enable_accelerated_networking": false,
            "enable_ip_forwarding": false,
            "id": "/subscriptions/602feb74-8af9-412a-bc8d-fd050694e950/resourceGroups/AzureRMResource/providers/Microsoft.Network/networkInterfaces/vm-nic0",
            "internal_dns_name_label": "",
            "internal_domain_name_suffix": "cm2uwhiekhkebjfj5q3qtbjfxe.fx.internal.cloudapp.net",
            "ip_configuration": [
              {
                "gateway_load_balancer_frontend_ip_configuration_id": "",
                "name": "testipconfig",
                "primary": true,
                "private_ip_address": "10.0.2.5",
                "private_ip_address_allocation": "Dynamic",
                "private_ip_address_version": "IPv4",
                "public_ip_address_id": "/subscriptions/602feb74-8af9-412a-bc8d-fd050694e950/resourceGroups/AzureRMResource/providers/Microsoft.Network/publicIPAddresses/publicip0",
                "subnet_id": "/subscriptions/602feb74-8af9-412a-bc8d-fd050694e950/resourceGroups/AzureRMResource/providers/Microsoft.Network/virtualNetworks/azurevnettfnetwork/subnets/subnetfortfcourse"
              }
            ],
            "location": "northeurope",
            "mac_address": "",
            "name": "vm-nic0",
            "private_ip_address": "10.0.2.5",
            "private_ip_addresses": [
              "10.0.2.5"
            ],
            "resource_group_name": "AzureRMResource",
            "tags": null,
            "timeouts": null,
            "virtual_machine_id": ""
          },
          "sensitive_attributes": [],
          "private": "eyJlMmJmYjczMC1lY2FhLTExZTYtOGY4OC0zNDM2M2JjN2M0YzAiOnsiY3JlYXRlIjoxODAwMDAwMDAwMDAwLCJkZWxldGUiOjE4MDAwMDAwMDAwMDAsInJlYWQiOjMwMDAwMDAwMDAwMCwidXBkYXRlIjoxODAwMDAwMDAwMDAwfX0=",
          "dependencies": [
            "azurerm_public_ip.publicip",
            "azurerm_resource_group.resourcegroup",
            "azurerm_subnet.azsubnet",
            "azurerm_virtual_network.azvnet"
          ]
        },
        {
          "index_key": 1,
          "schema_version": 0,
          "attributes": {
            "applied_dns_servers": [],
            "dns_servers": [],
            "edge_zone": "",
            "enable_accelerated_networking": false,
            "enable_ip_forwarding": false,
            "id": "/subscriptions/602feb74-8af9-412a-bc8d-fd050694e950/resourceGroups/AzureRMResource/providers/Microsoft.Network/networkInterfaces/vm-nic1",
            "internal_dns_name_label": "",
            "internal_domain_name_suffix": "cm2uwhiekhkebjfj5q3qtbjfxe.fx.internal.cloudapp.net",
            "ip_configuration": [
              {
                "gateway_load_balancer_frontend_ip_configuration_id": "",
                "name": "testipconfig",
                "primary": true,
                "private_ip_address": "10.0.2.6",
                "private_ip_address_allocation": "Dynamic",
                "private_ip_address_version": "IPv4",
                "public_ip_address_id": "/subscriptions/602feb74-8af9-412a-bc8d-fd050694e950/resourceGroups/AzureRMResource/providers/Microsoft.Network/publicIPAddresses/publicip1",
                "subnet_id": "/subscriptions/602feb74-8af9-412a-bc8d-fd050694e950/resourceGroups/AzureRMResource/providers/Microsoft.Network/virtualNetworks/azurevnettfnetwork/subnets/subnetfortfcourse"
              }
            ],
            "location": "northeurope",
            "mac_address": "",
            "name": "vm-nic1",
            "private_ip_address": "10.0.2.6",
            "private_ip_addresses": [
              "10.0.2.6"
            ],
            "resource_group_name": "AzureRMResource",
            "tags": null,
            "timeouts": null,
            "virtual_machine_id": ""
          },
          "sensitive_attributes": [],
          "private": "eyJlMmJmYjczMC1lY2FhLTExZTYtOGY4OC0zNDM2M2JjN2M0YzAiOnsiY3JlYXRlIjoxODAwMDAwMDAwMDAwLCJkZWxldGUiOjE4MDAwMDAwMDAwMDAsInJlYWQiOjMwMDAwMDAwMDAwMCwidXBkYXRlIjoxODAwMDAwMDAwMDAwfX0=",
          "dependencies": [
            "azurerm_public_ip.publicip",
            "azurerm_resource_group.resourcegroup",
            "azurerm_subnet.azsubnet",
            "azurerm_virtual_network.azvnet"
          ]
        }
      ]
    },
    {
      "mode": "managed",
      "type": "azurerm_network_interface",
      "name": "nic2",
      "provider": "provider[\"registry.terraform.io/hashicorp/azurerm\"]",
      "instances": [
        {
          "schema_version": 0,
          "attributes": {
            "applied_dns_servers": [],
            "dns_servers": [],
            "edge_zone": "",
            "enable_accelerated_networking": false,
            "enable_ip_forwarding": false,
            "id": "/subscriptions/602feb74-8af9-412a-bc8d-fd050694e950/resourceGroups/AzureRMResource/providers/Microsoft.Network/networkInterfaces/vm-nicprovisioner",
            "internal_dns_name_label": "",
            "internal_domain_name_suffix": "cm2uwhiekhkebjfj5q3qtbjfxe.fx.internal.cloudapp.net",
            "ip_configuration": [
              {
                "gateway_load_balancer_frontend_ip_configuration_id": "",
                "name": "testconfigurationtf",
                "primary": true,
                "private_ip_address": "10.0.2.4",
                "private_ip_address_allocation": "Dynamic",
                "private_ip_address_version": "IPv4",
                "public_ip_address_id": "/subscriptions/602feb74-8af9-412a-bc8d-fd050694e950/resourceGroups/AzureRMResource/providers/Microsoft.Network/publicIPAddresses/publicipprovisioner",
                "subnet_id": "/subscriptions/602feb74-8af9-412a-bc8d-fd050694e950/resourceGroups/AzureRMResource/providers/Microsoft.Network/virtualNetworks/azurevnettfnetwork/subnets/subnetfortfcourse"
              }
            ],
            "location": "northeurope",
            "mac_address": "",
            "name": "vm-nicprovisioner",
            "private_ip_address": "10.0.2.4",
            "private_ip_addresses": [
              "10.0.2.4"
            ],
            "resource_group_name": "AzureRMResource",
            "tags": null,
            "timeouts": null,
            "virtual_machine_id": ""
          },
          "sensitive_attributes": [],
          "private": "eyJlMmJmYjczMC1lY2FhLTExZTYtOGY4OC0zNDM2M2JjN2M0YzAiOnsiY3JlYXRlIjoxODAwMDAwMDAwMDAwLCJkZWxldGUiOjE4MDAwMDAwMDAwMDAsInJlYWQiOjMwMDAwMDAwMDAwMCwidXBkYXRlIjoxODAwMDAwMDAwMDAwfX0=",
          "dependencies": [
            "azurerm_public_ip.publicip2",
            "azurerm_resource_group.resourcegroup",
            "azurerm_subnet.azsubnet",
            "azurerm_virtual_network.azvnet"
          ]
        }
      ]
    },
    {
      "mode": "managed",
      "type": "azurerm_public_ip",
      "name": "publicip",
      "provider": "provider[\"registry.terraform.io/hashicorp/azurerm\"]",
      "instances": [
        {
          "index_key": 0,
          "schema_version": 0,
          "attributes": {
            "allocation_method": "Static",
            "ddos_protection_mode": "VirtualNetworkInherited",
            "ddos_protection_plan_id": null,
            "domain_name_label": null,
            "edge_zone": "",
            "fqdn": null,
            "id": "/subscriptions/602feb74-8af9-412a-bc8d-fd050694e950/resourceGroups/AzureRMResource/providers/Microsoft.Network/publicIPAddresses/publicip0",
            "idle_timeout_in_minutes": 4,
            "ip_address": "168.63.74.94",
            "ip_tags": null,
            "ip_version": "IPv4",
            "location": "northeurope",
            "name": "publicip0",
            "public_ip_prefix_id": null,
            "resource_group_name": "AzureRMResource",
            "reverse_fqdn": null,
            "sku": "Basic",
            "sku_tier": "Regional",
            "tags": null,
            "timeouts": null,
            "zones": null
          },
          "sensitive_attributes": [],
          "private": "eyJlMmJmYjczMC1lY2FhLTExZTYtOGY4OC0zNDM2M2JjN2M0YzAiOnsiY3JlYXRlIjoxODAwMDAwMDAwMDAwLCJkZWxldGUiOjE4MDAwMDAwMDAwMDAsInJlYWQiOjMwMDAwMDAwMDAwMCwidXBkYXRlIjoxODAwMDAwMDAwMDAwfX0=",
          "dependencies": [
            "azurerm_resource_group.resourcegroup"
          ]
        },
        {
          "index_key": 1,
          "schema_version": 0,
          "attributes": {
            "allocation_method": "Static",
            "ddos_protection_mode": "VirtualNetworkInherited",
            "ddos_protection_plan_id": null,
            "domain_name_label": null,
            "edge_zone": "",
            "fqdn": null,
            "id": "/subscriptions/602feb74-8af9-412a-bc8d-fd050694e950/resourceGroups/AzureRMResource/providers/Microsoft.Network/publicIPAddresses/publicip1",
            "idle_timeout_in_minutes": 4,
            "ip_address": "168.63.72.144",
            "ip_tags": null,
            "ip_version": "IPv4",
            "location": "northeurope",
            "name": "publicip1",
            "public_ip_prefix_id": null,
            "resource_group_name": "AzureRMResource",
            "reverse_fqdn": null,
            "sku": "Basic",
            "sku_tier": "Regional",
            "tags": null,
            "timeouts": null,
            "zones": null
          },
          "sensitive_attributes": [],
          "private": "eyJlMmJmYjczMC1lY2FhLTExZTYtOGY4OC0zNDM2M2JjN2M0YzAiOnsiY3JlYXRlIjoxODAwMDAwMDAwMDAwLCJkZWxldGUiOjE4MDAwMDAwMDAwMDAsInJlYWQiOjMwMDAwMDAwMDAwMCwidXBkYXRlIjoxODAwMDAwMDAwMDAwfX0=",
          "dependencies": [
            "azurerm_resource_group.resourcegroup"
          ]
        }
      ]
    },
    {
      "mode": "managed",
      "type": "azurerm_public_ip",
      "name": "publicip2",
      "provider": "provider[\"registry.terraform.io/hashicorp/azurerm\"]",
      "instances": [
        {
          "schema_version": 0,
          "attributes": {
            "allocation_method": "Static",
            "ddos_protection_mode": "VirtualNetworkInherited",
            "ddos_protection_plan_id": null,
            "domain_name_label": null,
            "edge_zone": "",
            "fqdn": null,
            "id": "/subscriptions/602feb74-8af9-412a-bc8d-fd050694e950/resourceGroups/AzureRMResource/providers/Microsoft.Network/publicIPAddresses/publicipprovisioner",
            "idle_timeout_in_minutes": 4,
            "ip_address": "168.63.72.73",
            "ip_tags": null,
            "ip_version": "IPv4",
            "location": "northeurope",
            "name": "publicipprovisioner",
            "public_ip_prefix_id": null,
            "resource_group_name": "AzureRMResource",
            "reverse_fqdn": null,
            "sku": "Basic",
            "sku_tier": "Regional",
            "tags": null,
            "timeouts": null,
            "zones": null
          },
          "sensitive_attributes": [],
          "private": "eyJlMmJmYjczMC1lY2FhLTExZTYtOGY4OC0zNDM2M2JjN2M0YzAiOnsiY3JlYXRlIjoxODAwMDAwMDAwMDAwLCJkZWxldGUiOjE4MDAwMDAwMDAwMDAsInJlYWQiOjMwMDAwMDAwMDAwMCwidXBkYXRlIjoxODAwMDAwMDAwMDAwfX0=",
          "dependencies": [
            "azurerm_resource_group.resourcegroup"
          ]
        }
      ]
    },
    {
      "mode": "managed",
      "type": "azurerm_resource_group",
      "name": "resourcegroup",
      "provider": "provider[\"registry.terraform.io/hashicorp/azurerm\"]",
      "instances": [
        {
          "schema_version": 0,
          "attributes": {
            "id": "/subscriptions/602feb74-8af9-412a-bc8d-fd050694e950/resourceGroups/AzureRMResource",
            "location": "northeurope",
            "name": "AzureRMResource",
            "tags": {
              "environment": "demo",
              "owner": "sahnoun",
              "purpose": "TFdemo"
            },
            "timeouts": null
          },
          "sensitive_attributes": [],
          "private": "eyJlMmJmYjczMC1lY2FhLTExZTYtOGY4OC0zNDM2M2JjN2M0YzAiOnsiY3JlYXRlIjo1NDAwMDAwMDAwMDAwLCJkZWxldGUiOjU0MDAwMDAwMDAwMDAsInJlYWQiOjMwMDAwMDAwMDAwMCwidXBkYXRlIjo1NDAwMDAwMDAwMDAwfX0="
        }
      ]
    },
    {
      "mode": "managed",
      "type": "azurerm_subnet",
      "name": "azsubnet",
      "provider": "provider[\"registry.terraform.io/hashicorp/azurerm\"]",
      "instances": [
        {
          "schema_version": 0,
          "attributes": {
            "address_prefixes": [
              "10.0.2.0/24"
            ],
            "delegation": [],
            "enforce_private_link_endpoint_network_policies": false,
            "enforce_private_link_service_network_policies": false,
            "id": "/subscriptions/602feb74-8af9-412a-bc8d-fd050694e950/resourceGroups/AzureRMResource/providers/Microsoft.Network/virtualNetworks/azurevnettfnetwork/subnets/subnetfortfcourse",
            "name": "subnetfortfcourse",
            "private_endpoint_network_policies_enabled": true,
            "private_link_service_network_policies_enabled": true,
            "resource_group_name": "AzureRMResource",
            "service_endpoint_policy_ids": null,
            "service_endpoints": null,
            "timeouts": null,
            "virtual_network_name": "azurevnettfnetwork"
          },
          "sensitive_attributes": [],
          "private": "eyJlMmJmYjczMC1lY2FhLTExZTYtOGY4OC0zNDM2M2JjN2M0YzAiOnsiY3JlYXRlIjoxODAwMDAwMDAwMDAwLCJkZWxldGUiOjE4MDAwMDAwMDAwMDAsInJlYWQiOjMwMDAwMDAwMDAwMCwidXBkYXRlIjoxODAwMDAwMDAwMDAwfX0=",
          "dependencies": [
            "azurerm_resource_group.resourcegroup",
            "azurerm_virtual_network.azvnet"
          ]
        }
      ]
    },
    {
      "mode": "managed",
      "type": "azurerm_virtual_machine",
      "name": "vm-main",
      "provider": "provider[\"registry.terraform.io/hashicorp/azurerm\"]",
      "instances": [
        {
          "index_key": 0,
          "schema_version": 0,
          "attributes": {
            "additional_capabilities": [],
            "availability_set_id": null,
            "boot_diagnostics": [],
            "delete_data_disks_on_termination": false,
            "delete_os_disk_on_termination": false,
            "id": "/subscriptions/602feb74-8af9-412a-bc8d-fd050694e950/resourceGroups/AzureRMResource/providers/Microsoft.Compute/virtualMachines/azure-vm-0",
            "identity": [],
            "license_type": null,
            "location": "northeurope",
            "name": "azure-vm-0",
            "network_interface_ids": [
              "/subscriptions/602feb74-8af9-412a-bc8d-fd050694e950/resourceGroups/AzureRMResource/providers/Microsoft.Network/networkInterfaces/vm-nic0"
            ],
            "os_profile": [
              {
                "admin_password": "",
                "admin_username": "testadmin",
                "computer_name": "hostname",
                "custom_data": ""
              }
            ],
            "os_profile_linux_config": [
              {
                "disable_password_authentication": false,
                "ssh_keys": []
              }
            ],
            "os_profile_secrets": [],
            "os_profile_windows_config": [],
            "plan": [],
            "primary_network_interface_id": null,
            "proximity_placement_group_id": null,
            "resource_group_name": "AzureRMResource",
            "storage_data_disk": [],
            "storage_image_reference": [
              {
                "id": "",
                "offer": "UbuntuServer",
                "publisher": "Canonical",
                "sku": "16.04-LTS",
                "version": "latest"
              }
            ],
            "storage_os_disk": [
              {
                "caching": "ReadWrite",
                "create_option": "FromImage",
                "disk_size_gb": 30,
                "image_uri": "",
                "managed_disk_id": "/subscriptions/602feb74-8af9-412a-bc8d-fd050694e950/resourceGroups/AzureRMResource/providers/Microsoft.Compute/disks/myosdisk0",
                "managed_disk_type": "Standard_LRS",
                "name": "myosdisk0",
                "os_type": "Linux",
                "vhd_uri": "",
                "write_accelerator_enabled": false
              }
            ],
            "tags": {
              "costcentre": "demotfcourse",
              "environment": "demo",
              "owner": "sahnoun",
              "purpose": "TFdemo",
              "resource": "virtualmachine"
            },
            "timeouts": null,
            "vm_size": "Standard_DS1_v2",
            "zones": null
          },
          "sensitive_attributes": [
            [
              {
                "type": "get_attr",
                "value": "os_profile"
              }
            ]
          ],
          "private": "eyJlMmJmYjczMC1lY2FhLTExZTYtOGY4OC0zNDM2M2JjN2M0YzAiOnsiY3JlYXRlIjozNjAwMDAwMDAwMDAwLCJkZWxldGUiOjM2MDAwMDAwMDAwMDAsInJlYWQiOjMwMDAwMDAwMDAwMCwidXBkYXRlIjozNjAwMDAwMDAwMDAwfX0=",
          "dependencies": [
            "azurerm_network_interface.nic",
            "azurerm_public_ip.publicip",
            "azurerm_resource_group.resourcegroup",
            "azurerm_subnet.azsubnet",
            "azurerm_virtual_network.azvnet",
            "random_password.password"
          ]
        },
        {
          "index_key": 1,
          "schema_version": 0,
          "attributes": {
            "additional_capabilities": [],
            "availability_set_id": null,
            "boot_diagnostics": [],
            "delete_data_disks_on_termination": false,
            "delete_os_disk_on_termination": false,
            "id": "/subscriptions/602feb74-8af9-412a-bc8d-fd050694e950/resourceGroups/AzureRMResource/providers/Microsoft.Compute/virtualMachines/azure-vm-1",
            "identity": [],
            "license_type": null,
            "location": "northeurope",
            "name": "azure-vm-1",
            "network_interface_ids": [
              "/subscriptions/602feb74-8af9-412a-bc8d-fd050694e950/resourceGroups/AzureRMResource/providers/Microsoft.Network/networkInterfaces/vm-nic1"
            ],
            "os_profile": [
              {
                "admin_password": "",
                "admin_username": "testadmin",
                "computer_name": "hostname",
                "custom_data": ""
              }
            ],
            "os_profile_linux_config": [
              {
                "disable_password_authentication": false,
                "ssh_keys": []
              }
            ],
            "os_profile_secrets": [],
            "os_profile_windows_config": [],
            "plan": [],
            "primary_network_interface_id": null,
            "proximity_placement_group_id": null,
            "resource_group_name": "AzureRMResource",
            "storage_data_disk": [],
            "storage_image_reference": [
              {
                "id": "",
                "offer": "UbuntuServer",
                "publisher": "Canonical",
                "sku": "16.04-LTS",
                "version": "latest"
              }
            ],
            "storage_os_disk": [
              {
                "caching": "ReadWrite",
                "create_option": "FromImage",
                "disk_size_gb": 30,
                "image_uri": "",
                "managed_disk_id": "/subscriptions/602feb74-8af9-412a-bc8d-fd050694e950/resourceGroups/AzureRMResource/providers/Microsoft.Compute/disks/myosdisk1",
                "managed_disk_type": "Standard_LRS",
                "name": "myosdisk1",
                "os_type": "Linux",
                "vhd_uri": "",
                "write_accelerator_enabled": false
              }
            ],
            "tags": {
              "costcentre": "demotfcourse",
              "environment": "demo",
              "owner": "sahnoun",
              "purpose": "TFdemo",
              "resource": "virtualmachine"
            },
            "timeouts": null,
            "vm_size": "Standard_DS1_v2",
            "zones": null
          },
          "sensitive_attributes": [
            [
              {
                "type": "get_attr",
                "value": "os_profile"
              }
            ]
          ],
          "private": "eyJlMmJmYjczMC1lY2FhLTExZTYtOGY4OC0zNDM2M2JjN2M0YzAiOnsiY3JlYXRlIjozNjAwMDAwMDAwMDAwLCJkZWxldGUiOjM2MDAwMDAwMDAwMDAsInJlYWQiOjMwMDAwMDAwMDAwMCwidXBkYXRlIjozNjAwMDAwMDAwMDAwfX0=",
          "dependencies": [
            "azurerm_network_interface.nic",
            "azurerm_public_ip.publicip",
            "azurerm_resource_group.resourcegroup",
            "azurerm_subnet.azsubnet",
            "azurerm_virtual_network.azvnet",
            "random_password.password"
          ]
        }
      ]
    },
    {
      "mode": "managed",
      "type": "azurerm_virtual_machine",
      "name": "vm-main2",
      "provider": "provider[\"registry.terraform.io/hashicorp/azurerm\"]",
      "instances": [
        {
          "index_key": 0,
          "status": "tainted",
          "schema_version": 0,
          "attributes": {
            "additional_capabilities": [],
            "availability_set_id": null,
            "boot_diagnostics": [],
            "delete_data_disks_on_termination": false,
            "delete_os_disk_on_termination": false,
            "id": "/subscriptions/602feb74-8af9-412a-bc8d-fd050694e950/resourceGroups/AzureRMResource/providers/Microsoft.Compute/virtualMachines/azurevmforprovisioner",
            "identity": [],
            "license_type": null,
            "location": "northeurope",
            "name": "azurevmforprovisioner",
            "network_interface_ids": [
              "/subscriptions/602feb74-8af9-412a-bc8d-fd050694e950/resourceGroups/AzureRMResource/providers/Microsoft.Network/networkInterfaces/vm-nicprovisioner"
            ],
            "os_profile": [
              {
                "admin_password": "",
                "admin_username": "testadmin",
                "computer_name": "hostname",
                "custom_data": ""
              }
            ],
            "os_profile_linux_config": [
              {
                "disable_password_authentication": false,
                "ssh_keys": []
              }
            ],
            "os_profile_secrets": [],
            "os_profile_windows_config": [],
            "plan": [],
            "primary_network_interface_id": null,
            "proximity_placement_group_id": null,
            "resource_group_name": "AzureRMResource",
            "storage_data_disk": [],
            "storage_image_reference": [
              {
                "id": "",
                "offer": "UbuntuServer",
                "publisher": "Canonical",
                "sku": "16.04-LTS",
                "version": "latest"
              }
            ],
            "storage_os_disk": [
              {
                "caching": "ReadWrite",
                "create_option": "FromImage",
                "disk_size_gb": 30,
                "image_uri": "",
                "managed_disk_id": "/subscriptions/602feb74-8af9-412a-bc8d-fd050694e950/resourceGroups/AzureRMResource/providers/Microsoft.Compute/disks/myosdiskforprovisioner0",
                "managed_disk_type": "Standard_LRS",
                "name": "myosdiskforprovisioner0",
                "os_type": "Linux",
                "vhd_uri": "",
                "write_accelerator_enabled": false
              }
            ],
            "tags": {
              "costcentre": "demotfcourse",
              "environment": "demo",
              "owner": "sahnoun",
              "purpose": "TFdemo",
              "resource": "virtualmachine"
            },
            "timeouts": null,
            "vm_size": "Standard_DS1_v2",
            "zones": null
          },
          "sensitive_attributes": [
            [
              {
                "type": "get_attr",
                "value": "os_profile"
              }
            ]
          ],
          "private": "eyJlMmJmYjczMC1lY2FhLTExZTYtOGY4OC0zNDM2M2JjN2M0YzAiOnsiY3JlYXRlIjozNjAwMDAwMDAwMDAwLCJkZWxldGUiOjM2MDAwMDAwMDAwMDAsInJlYWQiOjMwMDAwMDAwMDAwMCwidXBkYXRlIjozNjAwMDAwMDAwMDAwfX0=",
          "dependencies": [
            "azurerm_network_interface.nic2",
            "azurerm_public_ip.publicip2",
            "azurerm_resource_group.resourcegroup",
            "azurerm_subnet.azsubnet",
            "azurerm_virtual_network.azvnet",
            "random_password.password"
          ]
        }
      ]
    },
    {
      "mode": "managed",
      "type": "azurerm_virtual_network",
      "name": "azvnet",
      "provider": "provider[\"registry.terraform.io/hashicorp/azurerm\"]",
      "instances": [
        {
          "schema_version": 0,
          "attributes": {
            "address_space": [
              "10.0.0.0/16"
            ],
            "bgp_community": "",
            "ddos_protection_plan": [],
            "dns_servers": [],
            "edge_zone": "",
            "flow_timeout_in_minutes": 0,
            "guid": "1d4b3913-5104-40d4-a4a9-fc3b098525bc",
            "id": "/subscriptions/602feb74-8af9-412a-bc8d-fd050694e950/resourceGroups/AzureRMResource/providers/Microsoft.Network/virtualNetworks/azurevnettfnetwork",
            "location": "northeurope",
            "name": "azurevnettfnetwork",
            "resource_group_name": "AzureRMResource",
            "subnet": [],
            "tags": null,
            "timeouts": null
          },
          "sensitive_attributes": [],
          "private": "eyJlMmJmYjczMC1lY2FhLTExZTYtOGY4OC0zNDM2M2JjN2M0YzAiOnsiY3JlYXRlIjoxODAwMDAwMDAwMDAwLCJkZWxldGUiOjE4MDAwMDAwMDAwMDAsInJlYWQiOjMwMDAwMDAwMDAwMCwidXBkYXRlIjoxODAwMDAwMDAwMDAwfX0=",
          "dependencies": [
            "azurerm_resource_group.resourcegroup"
          ]
        }
      ]
    },
    {
      "mode": "managed",
      "type": "random_password",
      "name": "password",
      "provider": "provider[\"registry.terraform.io/hashicorp/random\"]",
      "instances": [
        {
          "schema_version": 3,
          "attributes": {
            "bcrypt_hash": "$2a$10$DEr75rV/7g9Q50VmWT3WQO.wrFfM5v6MDWRRziRfG/Jr1EPBVBB7y",
            "id": "none",
            "keepers": null,
            "length": 8,
            "lower": true,
            "min_lower": 0,
            "min_numeric": 0,
            "min_special": 0,
            "min_upper": 0,
            "number": true,
            "numeric": true,
            "override_special": null,
            "result": "Kvz@5:mR",
            "special": true,
            "upper": true
          },
          "sensitive_attributes": []
        }
      ]
    }
  ],
  "check_results": null
}
