{
  "version": 4,
  "terraform_version": "1.4.6",
  "serial": 17,
  "lineage": "bf720533-51c3-f0f1-942d-e5f4f4dddcdf",
  "outputs": {
    "public_ip": {
      "value": [
        "13.79.223.22",
        "13.79.223.31",
        "13.79.223.24"
      ],
      "type": [
        "tuple",
        [
          "string",
          "string",
          "string"
        ]
      ]
    },
    "rgname": {
      "value": "PiCloud",
      "type": "string"
    }
  },
  "resources": [
    {
      "mode": "managed",
      "type": "azurerm_network_interface",
      "name": "nic",
      "provider": "provider[\"registry.terraform.io/hashicorp/azurerm\"]",
      "instances": [
        {
          "index_key": 0,
          "schema_version": 0,
          "attributes": {
            "applied_dns_servers": [],
            "dns_servers": [],
            "edge_zone": "",
            "enable_accelerated_networking": false,
            "enable_ip_forwarding": false,
            "id": "/subscriptions/602feb74-8af9-412a-bc8d-fd050694e950/resourceGroups/PiCloud/providers/Microsoft.Network/networkInterfaces/vm-nic0",
            "internal_dns_name_label": "",
            "internal_domain_name_suffix": "0lmsdtrqkspurdioxzklguazhg.fx.internal.cloudapp.net",
            "ip_configuration": [
              {
                "gateway_load_balancer_frontend_ip_configuration_id": "",
                "name": "testipconfig",
                "primary": true,
                "private_ip_address": "10.0.2.5",
                "private_ip_address_allocation": "Dynamic",
                "private_ip_address_version": "IPv4",
                "public_ip_address_id": "/subscriptions/602feb74-8af9-412a-bc8d-fd050694e950/resourceGroups/PiCloud/providers/Microsoft.Network/publicIPAddresses/publicip0",
                "subnet_id": "/subscriptions/602feb74-8af9-412a-bc8d-fd050694e950/resourceGroups/PiCloud/providers/Microsoft.Network/virtualNetworks/azurevnettfnetwork/subnets/subnetfortfcourse"
              }
            ],
            "location": "northeurope",
            "mac_address": "",
            "name": "vm-nic0",
            "private_ip_address": "10.0.2.5",
            "private_ip_addresses": [
              "10.0.2.5"
            ],
            "resource_group_name": "PiCloud",
            "tags": null,
            "timeouts": null,
            "virtual_machine_id": ""
          },
          "sensitive_attributes": [],
          "private": "eyJlMmJmYjczMC1lY2FhLTExZTYtOGY4OC0zNDM2M2JjN2M0YzAiOnsiY3JlYXRlIjoxODAwMDAwMDAwMDAwLCJkZWxldGUiOjE4MDAwMDAwMDAwMDAsInJlYWQiOjMwMDAwMDAwMDAwMCwidXBkYXRlIjoxODAwMDAwMDAwMDAwfX0=",
          "dependencies": [
            "azurerm_public_ip.publicip",
            "azurerm_resource_group.resourcegroup",
            "azurerm_subnet.azsubnet",
            "azurerm_virtual_network.azvnet"
          ]
        },
        {
          "index_key": 1,
          "schema_version": 0,
          "attributes": {
            "applied_dns_servers": [],
            "dns_servers": [],
            "edge_zone": "",
            "enable_accelerated_networking": false,
            "enable_ip_forwarding": false,
            "id": "/subscriptions/602feb74-8af9-412a-bc8d-fd050694e950/resourceGroups/PiCloud/providers/Microsoft.Network/networkInterfaces/vm-nic1",
            "internal_dns_name_label": "",
            "internal_domain_name_suffix": "0lmsdtrqkspurdioxzklguazhg.fx.internal.cloudapp.net",
            "ip_configuration": [
              {
                "gateway_load_balancer_frontend_ip_configuration_id": "",
                "name": "testipconfig",
                "primary": true,
                "private_ip_address": "10.0.2.4",
                "private_ip_address_allocation": "Dynamic",
                "private_ip_address_version": "IPv4",
                "public_ip_address_id": "/subscriptions/602feb74-8af9-412a-bc8d-fd050694e950/resourceGroups/PiCloud/providers/Microsoft.Network/publicIPAddresses/publicip1",
                "subnet_id": "/subscriptions/602feb74-8af9-412a-bc8d-fd050694e950/resourceGroups/PiCloud/providers/Microsoft.Network/virtualNetworks/azurevnettfnetwork/subnets/subnetfortfcourse"
              }
            ],
            "location": "northeurope",
            "mac_address": "",
            "name": "vm-nic1",
            "private_ip_address": "10.0.2.4",
            "private_ip_addresses": [
              "10.0.2.4"
            ],
            "resource_group_name": "PiCloud",
            "tags": null,
            "timeouts": null,
            "virtual_machine_id": ""
          },
          "sensitive_attributes": [],
          "private": "eyJlMmJmYjczMC1lY2FhLTExZTYtOGY4OC0zNDM2M2JjN2M0YzAiOnsiY3JlYXRlIjoxODAwMDAwMDAwMDAwLCJkZWxldGUiOjE4MDAwMDAwMDAwMDAsInJlYWQiOjMwMDAwMDAwMDAwMCwidXBkYXRlIjoxODAwMDAwMDAwMDAwfX0=",
          "dependencies": [
            "azurerm_public_ip.publicip",
            "azurerm_resource_group.resourcegroup",
            "azurerm_subnet.azsubnet",
            "azurerm_virtual_network.azvnet"
          ]
        },
        {
          "index_key": 2,
          "schema_version": 0,
          "attributes": {
            "applied_dns_servers": [],
            "dns_servers": [],
            "edge_zone": "",
            "enable_accelerated_networking": false,
            "enable_ip_forwarding": false,
            "id": "/subscriptions/602feb74-8af9-412a-bc8d-fd050694e950/resourceGroups/PiCloud/providers/Microsoft.Network/networkInterfaces/vm-nic2",
            "internal_dns_name_label": "",
            "internal_domain_name_suffix": "0lmsdtrqkspurdioxzklguazhg.fx.internal.cloudapp.net",
            "ip_configuration": [
              {
                "gateway_load_balancer_frontend_ip_configuration_id": "",
                "name": "testipconfig",
                "primary": true,
                "private_ip_address": "10.0.2.6",
                "private_ip_address_allocation": "Dynamic",
                "private_ip_address_version": "IPv4",
                "public_ip_address_id": "/subscriptions/602feb74-8af9-412a-bc8d-fd050694e950/resourceGroups/PiCloud/providers/Microsoft.Network/publicIPAddresses/publicip2",
                "subnet_id": "/subscriptions/602feb74-8af9-412a-bc8d-fd050694e950/resourceGroups/PiCloud/providers/Microsoft.Network/virtualNetworks/azurevnettfnetwork/subnets/subnetfortfcourse"
              }
            ],
            "location": "northeurope",
            "mac_address": "",
            "name": "vm-nic2",
            "private_ip_address": "10.0.2.6",
            "private_ip_addresses": [
              "10.0.2.6"
            ],
            "resource_group_name": "PiCloud",
            "tags": null,
            "timeouts": null,
            "virtual_machine_id": ""
          },
          "sensitive_attributes": [],
          "private": "eyJlMmJmYjczMC1lY2FhLTExZTYtOGY4OC0zNDM2M2JjN2M0YzAiOnsiY3JlYXRlIjoxODAwMDAwMDAwMDAwLCJkZWxldGUiOjE4MDAwMDAwMDAwMDAsInJlYWQiOjMwMDAwMDAwMDAwMCwidXBkYXRlIjoxODAwMDAwMDAwMDAwfX0=",
          "dependencies": [
            "azurerm_public_ip.publicip",
            "azurerm_resource_group.resourcegroup",
            "azurerm_subnet.azsubnet",
            "azurerm_virtual_network.azvnet"
          ]
        }
      ]
    },
    {
      "mode": "managed",
      "type": "azurerm_network_interface_security_group_association",
      "name": "example",
      "provider": "provider[\"registry.terraform.io/hashicorp/azurerm\"]",
      "instances": [
        {
          "index_key": 0,
          "schema_version": 0,
          "attributes": {
            "id": "/subscriptions/602feb74-8af9-412a-bc8d-fd050694e950/resourceGroups/PiCloud/providers/Microsoft.Network/networkInterfaces/vm-nic0|/subscriptions/602feb74-8af9-412a-bc8d-fd050694e950/resourceGroups/PiCloud/providers/Microsoft.Network/networkSecurityGroups/Azurenetworksecuritygrouprules",
            "network_interface_id": "/subscriptions/602feb74-8af9-412a-bc8d-fd050694e950/resourceGroups/PiCloud/providers/Microsoft.Network/networkInterfaces/vm-nic0",
            "network_security_group_id": "/subscriptions/602feb74-8af9-412a-bc8d-fd050694e950/resourceGroups/PiCloud/providers/Microsoft.Network/networkSecurityGroups/Azurenetworksecuritygrouprules",
            "timeouts": null
          },
          "sensitive_attributes": [],
          "private": "eyJlMmJmYjczMC1lY2FhLTExZTYtOGY4OC0zNDM2M2JjN2M0YzAiOnsiY3JlYXRlIjoxODAwMDAwMDAwMDAwLCJkZWxldGUiOjE4MDAwMDAwMDAwMDAsInJlYWQiOjMwMDAwMDAwMDAwMCwidXBkYXRlIjoxODAwMDAwMDAwMDAwfX0=",
          "dependencies": [
            "azurerm_network_interface.nic",
            "azurerm_network_security_group.nsgrule",
            "azurerm_public_ip.publicip",
            "azurerm_resource_group.resourcegroup",
            "azurerm_subnet.azsubnet",
            "azurerm_virtual_network.azvnet"
          ]
        },
        {
          "index_key": 1,
          "schema_version": 0,
          "attributes": {
            "id": "/subscriptions/602feb74-8af9-412a-bc8d-fd050694e950/resourceGroups/PiCloud/providers/Microsoft.Network/networkInterfaces/vm-nic1|/subscriptions/602feb74-8af9-412a-bc8d-fd050694e950/resourceGroups/PiCloud/providers/Microsoft.Network/networkSecurityGroups/Azurenetworksecuritygrouprules",
            "network_interface_id": "/subscriptions/602feb74-8af9-412a-bc8d-fd050694e950/resourceGroups/PiCloud/providers/Microsoft.Network/networkInterfaces/vm-nic1",
            "network_security_group_id": "/subscriptions/602feb74-8af9-412a-bc8d-fd050694e950/resourceGroups/PiCloud/providers/Microsoft.Network/networkSecurityGroups/Azurenetworksecuritygrouprules",
            "timeouts": null
          },
          "sensitive_attributes": [],
          "private": "eyJlMmJmYjczMC1lY2FhLTExZTYtOGY4OC0zNDM2M2JjN2M0YzAiOnsiY3JlYXRlIjoxODAwMDAwMDAwMDAwLCJkZWxldGUiOjE4MDAwMDAwMDAwMDAsInJlYWQiOjMwMDAwMDAwMDAwMCwidXBkYXRlIjoxODAwMDAwMDAwMDAwfX0=",
          "dependencies": [
            "azurerm_network_interface.nic",
            "azurerm_network_security_group.nsgrule",
            "azurerm_public_ip.publicip",
            "azurerm_resource_group.resourcegroup",
            "azurerm_subnet.azsubnet",
            "azurerm_virtual_network.azvnet"
          ]
        },
        {
          "index_key": 2,
          "schema_version": 0,
          "attributes": {
            "id": "/subscriptions/602feb74-8af9-412a-bc8d-fd050694e950/resourceGroups/PiCloud/providers/Microsoft.Network/networkInterfaces/vm-nic2|/subscriptions/602feb74-8af9-412a-bc8d-fd050694e950/resourceGroups/PiCloud/providers/Microsoft.Network/networkSecurityGroups/Azurenetworksecuritygrouprules",
            "network_interface_id": "/subscriptions/602feb74-8af9-412a-bc8d-fd050694e950/resourceGroups/PiCloud/providers/Microsoft.Network/networkInterfaces/vm-nic2",
            "network_security_group_id": "/subscriptions/602feb74-8af9-412a-bc8d-fd050694e950/resourceGroups/PiCloud/providers/Microsoft.Network/networkSecurityGroups/Azurenetworksecuritygrouprules",
            "timeouts": null
          },
          "sensitive_attributes": [],
          "private": "eyJlMmJmYjczMC1lY2FhLTExZTYtOGY4OC0zNDM2M2JjN2M0YzAiOnsiY3JlYXRlIjoxODAwMDAwMDAwMDAwLCJkZWxldGUiOjE4MDAwMDAwMDAwMDAsInJlYWQiOjMwMDAwMDAwMDAwMCwidXBkYXRlIjoxODAwMDAwMDAwMDAwfX0=",
          "dependencies": [
            "azurerm_network_interface.nic",
            "azurerm_network_security_group.nsgrule",
            "azurerm_public_ip.publicip",
            "azurerm_resource_group.resourcegroup",
            "azurerm_subnet.azsubnet",
            "azurerm_virtual_network.azvnet"
          ]
        }
      ]
    },
    {
      "mode": "managed",
      "type": "azurerm_network_security_group",
      "name": "nsgrule",
      "provider": "provider[\"registry.terraform.io/hashicorp/azurerm\"]",
      "instances": [
        {
          "schema_version": 0,
          "attributes": {
            "id": "/subscriptions/602feb74-8af9-412a-bc8d-fd050694e950/resourceGroups/PiCloud/providers/Microsoft.Network/networkSecurityGroups/Azurenetworksecuritygrouprules",
            "location": "northeurope",
            "name": "Azurenetworksecuritygrouprules",
            "resource_group_name": "PiCloud",
            "security_rule": [
              {
                "access": "Allow",
                "description": "",
                "destination_address_prefix": "*",
                "destination_address_prefixes": [],
                "destination_application_security_group_ids": [],
                "destination_port_range": "*",
                "destination_port_ranges": [],
                "direction": "Inbound",
                "name": "test124",
                "priority": 101,
                "protocol": "Tcp",
                "source_address_prefix": "*",
                "source_address_prefixes": [],
                "source_application_security_group_ids": [],
                "source_port_range": "443",
                "source_port_ranges": []
              },
              {
                "access": "Allow",
                "description": "",
                "destination_address_prefix": "*",
                "destination_address_prefixes": [],
                "destination_application_security_group_ids": [],
                "destination_port_range": "*",
                "destination_port_ranges": [],
                "direction": "Inbound",
                "name": "test125",
                "priority": 102,
                "protocol": "Tcp",
                "source_address_prefix": "*",
                "source_address_prefixes": [],
                "source_application_security_group_ids": [],
                "source_port_range": "3389",
                "source_port_ranges": []
              },
              {
                "access": "Allow",
                "description": "",
                "destination_address_prefix": "*",
                "destination_address_prefixes": [],
                "destination_application_security_group_ids": [],
                "destination_port_range": "22",
                "destination_port_ranges": [],
                "direction": "Inbound",
                "name": "test123",
                "priority": 100,
                "protocol": "Tcp",
                "source_address_prefix": "*",
                "source_address_prefixes": [],
                "source_application_security_group_ids": [],
                "source_port_range": "*",
                "source_port_ranges": []
              }
            ],
            "tags": null,
            "timeouts": null
          },
          "sensitive_attributes": [],
          "private": "eyJlMmJmYjczMC1lY2FhLTExZTYtOGY4OC0zNDM2M2JjN2M0YzAiOnsiY3JlYXRlIjoxODAwMDAwMDAwMDAwLCJkZWxldGUiOjE4MDAwMDAwMDAwMDAsInJlYWQiOjMwMDAwMDAwMDAwMCwidXBkYXRlIjoxODAwMDAwMDAwMDAwfX0=",
          "dependencies": [
            "azurerm_resource_group.resourcegroup"
          ]
        }
      ]
    },
    {
      "mode": "managed",
      "type": "azurerm_public_ip",
      "name": "publicip",
      "provider": "provider[\"registry.terraform.io/hashicorp/azurerm\"]",
      "instances": [
        {
          "index_key": 0,
          "schema_version": 0,
          "attributes": {
            "allocation_method": "Static",
            "ddos_protection_mode": "VirtualNetworkInherited",
            "ddos_protection_plan_id": null,
            "domain_name_label": null,
            "edge_zone": "",
            "fqdn": null,
            "id": "/subscriptions/602feb74-8af9-412a-bc8d-fd050694e950/resourceGroups/PiCloud/providers/Microsoft.Network/publicIPAddresses/publicip0",
            "idle_timeout_in_minutes": 4,
            "ip_address": "13.79.223.22",
            "ip_tags": null,
            "ip_version": "IPv4",
            "location": "northeurope",
            "name": "publicip0",
            "public_ip_prefix_id": null,
            "resource_group_name": "PiCloud",
            "reverse_fqdn": null,
            "sku": "Basic",
            "sku_tier": "Regional",
            "tags": null,
            "timeouts": null,
            "zones": null
          },
          "sensitive_attributes": [],
          "private": "eyJlMmJmYjczMC1lY2FhLTExZTYtOGY4OC0zNDM2M2JjN2M0YzAiOnsiY3JlYXRlIjoxODAwMDAwMDAwMDAwLCJkZWxldGUiOjE4MDAwMDAwMDAwMDAsInJlYWQiOjMwMDAwMDAwMDAwMCwidXBkYXRlIjoxODAwMDAwMDAwMDAwfX0=",
          "dependencies": [
            "azurerm_resource_group.resourcegroup"
          ]
        },
        {
          "index_key": 1,
          "schema_version": 0,
          "attributes": {
            "allocation_method": "Static",
            "ddos_protection_mode": "VirtualNetworkInherited",
            "ddos_protection_plan_id": null,
            "domain_name_label": null,
            "edge_zone": "",
            "fqdn": null,
            "id": "/subscriptions/602feb74-8af9-412a-bc8d-fd050694e950/resourceGroups/PiCloud/providers/Microsoft.Network/publicIPAddresses/publicip1",
            "idle_timeout_in_minutes": 4,
            "ip_address": "13.79.223.31",
            "ip_tags": null,
            "ip_version": "IPv4",
            "location": "northeurope",
            "name": "publicip1",
            "public_ip_prefix_id": null,
            "resource_group_name": "PiCloud",
            "reverse_fqdn": null,
            "sku": "Basic",
            "sku_tier": "Regional",
            "tags": null,
            "timeouts": null,
            "zones": null
          },
          "sensitive_attributes": [],
          "private": "eyJlMmJmYjczMC1lY2FhLTExZTYtOGY4OC0zNDM2M2JjN2M0YzAiOnsiY3JlYXRlIjoxODAwMDAwMDAwMDAwLCJkZWxldGUiOjE4MDAwMDAwMDAwMDAsInJlYWQiOjMwMDAwMDAwMDAwMCwidXBkYXRlIjoxODAwMDAwMDAwMDAwfX0=",
          "dependencies": [
            "azurerm_resource_group.resourcegroup"
          ]
        },
        {
          "index_key": 2,
          "schema_version": 0,
          "attributes": {
            "allocation_method": "Static",
            "ddos_protection_mode": "VirtualNetworkInherited",
            "ddos_protection_plan_id": null,
            "domain_name_label": null,
            "edge_zone": "",
            "fqdn": null,
            "id": "/subscriptions/602feb74-8af9-412a-bc8d-fd050694e950/resourceGroups/PiCloud/providers/Microsoft.Network/publicIPAddresses/publicip2",
            "idle_timeout_in_minutes": 4,
            "ip_address": "13.79.223.24",
            "ip_tags": null,
            "ip_version": "IPv4",
            "location": "northeurope",
            "name": "publicip2",
            "public_ip_prefix_id": null,
            "resource_group_name": "PiCloud",
            "reverse_fqdn": null,
            "sku": "Basic",
            "sku_tier": "Regional",
            "tags": null,
            "timeouts": null,
            "zones": null
          },
          "sensitive_attributes": [],
          "private": "eyJlMmJmYjczMC1lY2FhLTExZTYtOGY4OC0zNDM2M2JjN2M0YzAiOnsiY3JlYXRlIjoxODAwMDAwMDAwMDAwLCJkZWxldGUiOjE4MDAwMDAwMDAwMDAsInJlYWQiOjMwMDAwMDAwMDAwMCwidXBkYXRlIjoxODAwMDAwMDAwMDAwfX0=",
          "dependencies": [
            "azurerm_resource_group.resourcegroup"
          ]
        }
      ]
    },
    {
      "mode": "managed",
      "type": "azurerm_resource_group",
      "name": "resourcegroup",
      "provider": "provider[\"registry.terraform.io/hashicorp/azurerm\"]",
      "instances": [
        {
          "schema_version": 0,
          "attributes": {
            "id": "/subscriptions/602feb74-8af9-412a-bc8d-fd050694e950/resourceGroups/PiCloud",
            "location": "northeurope",
            "managed_by": "",
            "name": "PiCloud",
            "tags": {
              "environment": "demo",
              "owner": "sahnoun",
              "purpose": "TFdemo"
            },
            "timeouts": null
          },
          "sensitive_attributes": [],
          "private": "eyJlMmJmYjczMC1lY2FhLTExZTYtOGY4OC0zNDM2M2JjN2M0YzAiOnsiY3JlYXRlIjo1NDAwMDAwMDAwMDAwLCJkZWxldGUiOjU0MDAwMDAwMDAwMDAsInJlYWQiOjMwMDAwMDAwMDAwMCwidXBkYXRlIjo1NDAwMDAwMDAwMDAwfX0="
        }
      ]
    },
    {
      "mode": "managed",
      "type": "azurerm_subnet",
      "name": "azsubnet",
      "provider": "provider[\"registry.terraform.io/hashicorp/azurerm\"]",
      "instances": [
        {
          "schema_version": 0,
          "attributes": {
            "address_prefixes": [
              "10.0.2.0/24"
            ],
            "delegation": [],
            "enforce_private_link_endpoint_network_policies": false,
            "enforce_private_link_service_network_policies": false,
            "id": "/subscriptions/602feb74-8af9-412a-bc8d-fd050694e950/resourceGroups/PiCloud/providers/Microsoft.Network/virtualNetworks/azurevnettfnetwork/subnets/subnetfortfcourse",
            "name": "subnetfortfcourse",
            "private_endpoint_network_policies_enabled": true,
            "private_link_service_network_policies_enabled": true,
            "resource_group_name": "PiCloud",
            "service_endpoint_policy_ids": null,
            "service_endpoints": null,
            "timeouts": null,
            "virtual_network_name": "azurevnettfnetwork"
          },
          "sensitive_attributes": [],
          "private": "eyJlMmJmYjczMC1lY2FhLTExZTYtOGY4OC0zNDM2M2JjN2M0YzAiOnsiY3JlYXRlIjoxODAwMDAwMDAwMDAwLCJkZWxldGUiOjE4MDAwMDAwMDAwMDAsInJlYWQiOjMwMDAwMDAwMDAwMCwidXBkYXRlIjoxODAwMDAwMDAwMDAwfX0=",
          "dependencies": [
            "azurerm_resource_group.resourcegroup",
            "azurerm_virtual_network.azvnet"
          ]
        }
      ]
    },
    {
      "mode": "managed",
      "type": "azurerm_virtual_machine",
      "name": "vm-master",
      "provider": "provider[\"registry.terraform.io/hashicorp/azurerm\"]",
      "instances": [
        {
          "schema_version": 0,
          "attributes": {
            "additional_capabilities": [],
            "availability_set_id": null,
            "boot_diagnostics": [],
            "delete_data_disks_on_termination": false,
            "delete_os_disk_on_termination": false,
            "id": "/subscriptions/602feb74-8af9-412a-bc8d-fd050694e950/resourceGroups/PiCloud/providers/Microsoft.Compute/virtualMachines/azure-vm-master",
            "identity": [],
            "license_type": null,
            "location": "northeurope",
            "name": "azure-vm-master",
            "network_interface_ids": [
              "/subscriptions/602feb74-8af9-412a-bc8d-fd050694e950/resourceGroups/PiCloud/providers/Microsoft.Network/networkInterfaces/vm-nic2"
            ],
            "os_profile": [
              {
                "admin_password": "",
                "admin_username": "ubuntu",
                "computer_name": "ubuntu",
                "custom_data": ""
              }
            ],
            "os_profile_linux_config": [
              {
                "disable_password_authentication": false,
                "ssh_keys": [
                  {
                    "key_data": "ssh-rsa AAAAB3NzaC1yc2EAAAADAQABAAABgQCbvPrg7ElnWEchqeGzOoeH44UssECCc7U6BTQKLtKD49PRCjjKBoLNaUhDfftBUd1euRi047/V3VCURQ8GtbCGz15Kugn/nGnKvHAe1vZiykYTWobjQbEvBrN3H9srTFPWYaubQw6UPqPS6G5mnQdLrNU04H/1E3tZCTjv/ff3u7xluDdN5FBJYbHP1o6OU1hVC/8xW5qA8XiTvKWgQFzVzAW1/6xkVgHPax+DK0Vij+aqtvvLfl8tHCETiiQfmNRxK20lnnluqD1S2eIZvkE2cSn2gxifFPqdMknp6acNeX87Le4CwDHttPY2aruOMu8/T0t6bIksub2anp2gkHwfjqj5Q03tYLKOhGefxc6BM0xLcw2MQgieQOr0uD0yKYlIqLGProXtUB0BZ4KXvAMORcfJJmvxgLXeKBoi4gPouVv3UcnLe7ioDstY1hYdxP0szNx/81sddeOm/Tfo9veenlGaqCFQ5c98pzkIhTLvftOr97NmHE+7szV1s8s5VlE= sahnoun_yusuf@Youssef-LT",
                    "path": "/home/ubuntu/.ssh/authorized_keys"
                  }
                ]
              }
            ],
            "os_profile_secrets": [],
            "os_profile_windows_config": [],
            "plan": [],
            "primary_network_interface_id": null,
            "proximity_placement_group_id": null,
            "resource_group_name": "PiCloud",
            "storage_data_disk": [],
            "storage_image_reference": [
              {
                "id": "",
                "offer": "0001-com-ubuntu-server-jammy",
                "publisher": "canonical",
                "sku": "22_04-lts-gen2",
                "version": "latest"
              }
            ],
            "storage_os_disk": [
              {
                "caching": "ReadWrite",
                "create_option": "FromImage",
                "disk_size_gb": 30,
                "image_uri": "",
                "managed_disk_id": "/subscriptions/602feb74-8af9-412a-bc8d-fd050694e950/resourceGroups/PiCloud/providers/Microsoft.Compute/disks/myosdisk3",
                "managed_disk_type": "Standard_LRS",
                "name": "myosdisk3",
                "os_type": "Linux",
                "vhd_uri": "",
                "write_accelerator_enabled": false
              }
            ],
            "tags": {
              "costcentre": "demotfcourse",
              "environment": "demo",
              "owner": "sahnoun",
              "purpose": "TFdemo",
              "resource": "virtualmachine"
            },
            "timeouts": null,
            "vm_size": "Standard_B2s",
            "zones": null
          },
          "sensitive_attributes": [],
          "private": "eyJlMmJmYjczMC1lY2FhLTExZTYtOGY4OC0zNDM2M2JjN2M0YzAiOnsiY3JlYXRlIjozNjAwMDAwMDAwMDAwLCJkZWxldGUiOjM2MDAwMDAwMDAwMDAsInJlYWQiOjMwMDAwMDAwMDAwMCwidXBkYXRlIjozNjAwMDAwMDAwMDAwfX0=",
          "dependencies": [
            "azurerm_network_interface.nic",
            "azurerm_public_ip.publicip",
            "azurerm_resource_group.resourcegroup",
            "azurerm_subnet.azsubnet",
            "azurerm_virtual_network.azvnet"
          ]
        }
      ]
    },
    {
      "mode": "managed",
      "type": "azurerm_virtual_machine",
      "name": "vm-slave",
      "provider": "provider[\"registry.terraform.io/hashicorp/azurerm\"]",
      "instances": [
        {
          "index_key": 0,
          "schema_version": 0,
          "attributes": {
            "additional_capabilities": [],
            "availability_set_id": null,
            "boot_diagnostics": [],
            "delete_data_disks_on_termination": false,
            "delete_os_disk_on_termination": false,
            "id": "/subscriptions/602feb74-8af9-412a-bc8d-fd050694e950/resourceGroups/PiCloud/providers/Microsoft.Compute/virtualMachines/slave-vm-0",
            "identity": [],
            "license_type": null,
            "location": "northeurope",
            "name": "slave-vm-0",
            "network_interface_ids": [
              "/subscriptions/602feb74-8af9-412a-bc8d-fd050694e950/resourceGroups/PiCloud/providers/Microsoft.Network/networkInterfaces/vm-nic0"
            ],
            "os_profile": [
              {
                "admin_password": "",
                "admin_username": "ubuntu",
                "computer_name": "ubuntu",
                "custom_data": ""
              }
            ],
            "os_profile_linux_config": [
              {
                "disable_password_authentication": false,
                "ssh_keys": [
                  {
                    "key_data": "ssh-rsa AAAAB3NzaC1yc2EAAAADAQABAAABgQCbvPrg7ElnWEchqeGzOoeH44UssECCc7U6BTQKLtKD49PRCjjKBoLNaUhDfftBUd1euRi047/V3VCURQ8GtbCGz15Kugn/nGnKvHAe1vZiykYTWobjQbEvBrN3H9srTFPWYaubQw6UPqPS6G5mnQdLrNU04H/1E3tZCTjv/ff3u7xluDdN5FBJYbHP1o6OU1hVC/8xW5qA8XiTvKWgQFzVzAW1/6xkVgHPax+DK0Vij+aqtvvLfl8tHCETiiQfmNRxK20lnnluqD1S2eIZvkE2cSn2gxifFPqdMknp6acNeX87Le4CwDHttPY2aruOMu8/T0t6bIksub2anp2gkHwfjqj5Q03tYLKOhGefxc6BM0xLcw2MQgieQOr0uD0yKYlIqLGProXtUB0BZ4KXvAMORcfJJmvxgLXeKBoi4gPouVv3UcnLe7ioDstY1hYdxP0szNx/81sddeOm/Tfo9veenlGaqCFQ5c98pzkIhTLvftOr97NmHE+7szV1s8s5VlE= sahnoun_yusuf@Youssef-LT",
                    "path": "/home/ubuntu/.ssh/authorized_keys"
                  }
                ]
              }
            ],
            "os_profile_secrets": [],
            "os_profile_windows_config": [],
            "plan": [],
            "primary_network_interface_id": null,
            "proximity_placement_group_id": null,
            "resource_group_name": "PiCloud",
            "storage_data_disk": [],
            "storage_image_reference": [
              {
                "id": "",
                "offer": "0001-com-ubuntu-server-jammy",
                "publisher": "canonical",
                "sku": "22_04-lts-gen2",
                "version": "latest"
              }
            ],
            "storage_os_disk": [
              {
                "caching": "ReadWrite",
                "create_option": "FromImage",
                "disk_size_gb": 30,
                "image_uri": "",
                "managed_disk_id": "/subscriptions/602feb74-8af9-412a-bc8d-fd050694e950/resourceGroups/PiCloud/providers/Microsoft.Compute/disks/myosdisk0",
                "managed_disk_type": "Standard_LRS",
                "name": "myosdisk0",
                "os_type": "Linux",
                "vhd_uri": "",
                "write_accelerator_enabled": false
              }
            ],
            "tags": {
              "costcentre": "demotfcourse",
              "environment": "demo",
              "owner": "sahnoun",
              "purpose": "TFdemo",
              "resource": "virtualmachine"
            },
            "timeouts": null,
            "vm_size": "Standard_B1s",
            "zones": null
          },
          "sensitive_attributes": [],
          "private": "eyJlMmJmYjczMC1lY2FhLTExZTYtOGY4OC0zNDM2M2JjN2M0YzAiOnsiY3JlYXRlIjozNjAwMDAwMDAwMDAwLCJkZWxldGUiOjM2MDAwMDAwMDAwMDAsInJlYWQiOjMwMDAwMDAwMDAwMCwidXBkYXRlIjozNjAwMDAwMDAwMDAwfX0=",
          "dependencies": [
            "azurerm_network_interface.nic",
            "azurerm_public_ip.publicip",
            "azurerm_resource_group.resourcegroup",
            "azurerm_subnet.azsubnet",
            "azurerm_virtual_network.azvnet"
          ]
        },
        {
          "index_key": 1,
          "schema_version": 0,
          "attributes": {
            "additional_capabilities": [],
            "availability_set_id": null,
            "boot_diagnostics": [],
            "delete_data_disks_on_termination": false,
            "delete_os_disk_on_termination": false,
            "id": "/subscriptions/602feb74-8af9-412a-bc8d-fd050694e950/resourceGroups/PiCloud/providers/Microsoft.Compute/virtualMachines/slave-vm-1",
            "identity": [],
            "license_type": null,
            "location": "northeurope",
            "name": "slave-vm-1",
            "network_interface_ids": [
              "/subscriptions/602feb74-8af9-412a-bc8d-fd050694e950/resourceGroups/PiCloud/providers/Microsoft.Network/networkInterfaces/vm-nic1"
            ],
            "os_profile": [
              {
                "admin_password": "",
                "admin_username": "ubuntu",
                "computer_name": "ubuntu",
                "custom_data": ""
              }
            ],
            "os_profile_linux_config": [
              {
                "disable_password_authentication": false,
                "ssh_keys": [
                  {
                    "key_data": "ssh-rsa AAAAB3NzaC1yc2EAAAADAQABAAABgQCbvPrg7ElnWEchqeGzOoeH44UssECCc7U6BTQKLtKD49PRCjjKBoLNaUhDfftBUd1euRi047/V3VCURQ8GtbCGz15Kugn/nGnKvHAe1vZiykYTWobjQbEvBrN3H9srTFPWYaubQw6UPqPS6G5mnQdLrNU04H/1E3tZCTjv/ff3u7xluDdN5FBJYbHP1o6OU1hVC/8xW5qA8XiTvKWgQFzVzAW1/6xkVgHPax+DK0Vij+aqtvvLfl8tHCETiiQfmNRxK20lnnluqD1S2eIZvkE2cSn2gxifFPqdMknp6acNeX87Le4CwDHttPY2aruOMu8/T0t6bIksub2anp2gkHwfjqj5Q03tYLKOhGefxc6BM0xLcw2MQgieQOr0uD0yKYlIqLGProXtUB0BZ4KXvAMORcfJJmvxgLXeKBoi4gPouVv3UcnLe7ioDstY1hYdxP0szNx/81sddeOm/Tfo9veenlGaqCFQ5c98pzkIhTLvftOr97NmHE+7szV1s8s5VlE= sahnoun_yusuf@Youssef-LT",
                    "path": "/home/ubuntu/.ssh/authorized_keys"
                  }
                ]
              }
            ],
            "os_profile_secrets": [],
            "os_profile_windows_config": [],
            "plan": [],
            "primary_network_interface_id": null,
            "proximity_placement_group_id": null,
            "resource_group_name": "PiCloud",
            "storage_data_disk": [],
            "storage_image_reference": [
              {
                "id": "",
                "offer": "0001-com-ubuntu-server-jammy",
                "publisher": "canonical",
                "sku": "22_04-lts-gen2",
                "version": "latest"
              }
            ],
            "storage_os_disk": [
              {
                "caching": "ReadWrite",
                "create_option": "FromImage",
                "disk_size_gb": 30,
                "image_uri": "",
                "managed_disk_id": "/subscriptions/602feb74-8af9-412a-bc8d-fd050694e950/resourceGroups/PiCloud/providers/Microsoft.Compute/disks/myosdisk1",
                "managed_disk_type": "Standard_LRS",
                "name": "myosdisk1",
                "os_type": "Linux",
                "vhd_uri": "",
                "write_accelerator_enabled": false
              }
            ],
            "tags": {
              "costcentre": "demotfcourse",
              "environment": "demo",
              "owner": "sahnoun",
              "purpose": "TFdemo",
              "resource": "virtualmachine"
            },
            "timeouts": null,
            "vm_size": "Standard_B1s",
            "zones": null
          },
          "sensitive_attributes": [],
          "private": "eyJlMmJmYjczMC1lY2FhLTExZTYtOGY4OC0zNDM2M2JjN2M0YzAiOnsiY3JlYXRlIjozNjAwMDAwMDAwMDAwLCJkZWxldGUiOjM2MDAwMDAwMDAwMDAsInJlYWQiOjMwMDAwMDAwMDAwMCwidXBkYXRlIjozNjAwMDAwMDAwMDAwfX0=",
          "dependencies": [
            "azurerm_network_interface.nic",
            "azurerm_public_ip.publicip",
            "azurerm_resource_group.resourcegroup",
            "azurerm_subnet.azsubnet",
            "azurerm_virtual_network.azvnet"
          ]
        }
      ]
    },
    {
      "mode": "managed",
      "type": "azurerm_virtual_network",
      "name": "azvnet",
      "provider": "provider[\"registry.terraform.io/hashicorp/azurerm\"]",
      "instances": [
        {
          "schema_version": 0,
          "attributes": {
            "address_space": [
              "10.0.0.0/16"
            ],
            "bgp_community": "",
            "ddos_protection_plan": [],
            "dns_servers": [],
            "edge_zone": "",
            "flow_timeout_in_minutes": 0,
            "guid": "ce21d9d2-5430-489f-8d0e-be54b350193e",
            "id": "/subscriptions/602feb74-8af9-412a-bc8d-fd050694e950/resourceGroups/PiCloud/providers/Microsoft.Network/virtualNetworks/azurevnettfnetwork",
            "location": "northeurope",
            "name": "azurevnettfnetwork",
            "resource_group_name": "PiCloud",
            "subnet": [],
            "tags": null,
            "timeouts": null
          },
          "sensitive_attributes": [],
          "private": "eyJlMmJmYjczMC1lY2FhLTExZTYtOGY4OC0zNDM2M2JjN2M0YzAiOnsiY3JlYXRlIjoxODAwMDAwMDAwMDAwLCJkZWxldGUiOjE4MDAwMDAwMDAwMDAsInJlYWQiOjMwMDAwMDAwMDAwMCwidXBkYXRlIjoxODAwMDAwMDAwMDAwfX0=",
          "dependencies": [
            "azurerm_resource_group.resourcegroup"
          ]
        }
      ]
    }
  ],
  "check_results": null
}
